
Microsoft Visual Studio Solution File, Format Version 12.00
# Visual Studio Version 17
VisualStudioVersion = 17.3.32811.315
MinimumVisualStudioVersion = 10.0.40219.1
Project("{FAE04EC0-301F-11D3-BF4B-00C04F79EFBC}") = "LocatorsAndChromeDevToolsHometask", "LocatorsAndChromeDevToolsHometask.csproj", "{860B0815-E16B-465E-AFDD-037EA1BDC393}"
EndProject
Global
	GlobalSection(SolutionConfigurationPlatforms) = preSolution
		Debug|Any CPU = Debug|Any CPU
		Release|Any CPU = Release|Any CPU
	EndGlobalSection
	GlobalSection(ProjectConfigurationPlatforms) = postSolution
		{860B0815-E16B-465E-AFDD-037EA1BDC393}.Debug|Any CPU.ActiveCfg = Debug|Any CPU
		{860B0815-E16B-465E-AFDD-037EA1BDC393}.Debug|Any CPU.Build.0 = Debug|Any CPU
		{860B0815-E16B-465E-AFDD-037EA1BDC393}.Release|Any CPU.ActiveCfg = Release|Any CPU
		{860B0815-E16B-465E-AFDD-037EA1BDC393}.Release|Any CPU.Build.0 = Release|Any CPU
	EndGlobalSection
	GlobalSection(SolutionProperties) = preSolution
		HideSolutionNode = FALSE
	EndGlobalSection
	GlobalSection(ExtensibilityGlobals) = postSolution
		SolutionGuid = {3658F78C-2936-4730-B374-0F82FA1A891C}
	EndGlobalSection
EndGlobal
